
Microsoft Visual Studio Solution File, Format Version 12.00
# Visual Studio Version 17
VisualStudioVersion = 17.12.35514.174
MinimumVisualStudioVersion = 10.0.40219.1
Project("{2150E333-8FDC-42A3-9474-1A3956D46DE8}") = "00. Diagram", "00. Diagram", "{D19C0286-A324-4640-BEC3-547F7F8A24E0}"
EndProject
Project("{2150E333-8FDC-42A3-9474-1A3956D46DE8}") = "01. Presentation", "01. Presentation", "{F45CB289-4E74-4C7A-AE6B-49981539CA74}"
	ProjectSection(SolutionItems) = preProject
		readme.txt = readme.txt
	EndProjectSection
EndProject
Project("{2150E333-8FDC-42A3-9474-1A3956D46DE8}") = "01. Service", "01. Service", "{7F8C2699-277D-40A8-83E3-AB461E0C6E79}"
	ProjectSection(SolutionItems) = preProject
		readme.txt = readme.txt
	EndProjectSection
EndProject
Project("{2150E333-8FDC-42A3-9474-1A3956D46DE8}") = "01. Worker", "01. Worker", "{BB320B41-DBF3-474E-AC1D-7168805A6F45}"
EndProject
Project("{2150E333-8FDC-42A3-9474-1A3956D46DE8}") = "02. Infrastructure", "02. Infrastructure", "{38D825BD-EBC5-4A83-A692-17CA56BD134F}"
EndProject
Project("{2150E333-8FDC-42A3-9474-1A3956D46DE8}") = "03. Application", "03. Application", "{BAE10023-1B5B-45C8-A978-12D9A14A6E31}"
EndProject
Project("{2150E333-8FDC-42A3-9474-1A3956D46DE8}") = "04. Common", "04. Common", "{6CF6CF90-9A68-49DB-BF2B-A248161EF8C2}"
EndProject
Project("{2150E333-8FDC-42A3-9474-1A3956D46DE8}") = "05. Entity", "05. Entity", "{C578FA92-D1D2-48F0-A1C1-AB7B28AB0D32}"
EndProject
Project("{2150E333-8FDC-42A3-9474-1A3956D46DE8}") = "06. Test", "06. Test", "{18D6E36E-7916-4AD0-8CF4-FB50CBDC015C}"
EndProject
Project("{FAE04EC0-301F-11D3-BF4B-00C04F79EFBC}") = "Web.API.Core", "Web.API.Core\Web.API.Core.csproj", "{2D73C51B-FA04-4C63-A091-A8DDC0CAEFBA}"
EndProject
Project("{FAE04EC0-301F-11D3-BF4B-00C04F79EFBC}") = "xUnit.Test.Core", "xUnit.Test.Core\xUnit.Test.Core.csproj", "{50AFA1D2-45EA-4ABF-B3DC-DAEA90A2B703}"
EndProject
Project("{FAE04EC0-301F-11D3-BF4B-00C04F79EFBC}") = "Entity.Core", "Entity.Core\Entity.Core.csproj", "{022C444F-1459-4027-B8C1-D7D5A4499224}"
EndProject
Project("{FAE04EC0-301F-11D3-BF4B-00C04F79EFBC}") = "Common.Core", "Common.Core\Common.Core.csproj", "{F788B533-076D-43C2-8541-1E9EC4B8F2DB}"
EndProject
Project("{FAE04EC0-301F-11D3-BF4B-00C04F79EFBC}") = "Application.Core", "Application.Core\Application.Core.csproj", "{AE6CB973-8B3A-4176-A460-14AD4E925061}"
EndProject
Project("{FAE04EC0-301F-11D3-BF4B-00C04F79EFBC}") = "Facade.Core", "Facade.Core\Facade.Core.csproj", "{AA495885-E6EB-4EA9-864D-23F8935BA8A8}"
EndProject
Project("{FAE04EC0-301F-11D3-BF4B-00C04F79EFBC}") = "Security.Core", "RBAC.Core\Security.Core.csproj", "{B6EDB095-4D70-41F0-A7D5-FA4F4299B905}"
EndProject
Project("{2150E333-8FDC-42A3-9474-1A3956D46DE8}") = "07. SQL", "07. SQL", "{43CE1982-A43A-4C3D-A099-ACF4B9ECE968}"
EndProject
Project("{00D1A9C2-B5F0-4AF3-8072-F6C62B433612}") = "SQL.Database.Core", "SQL.Database.Core\SQL.Database.Core.sqlproj", "{E578527D-36A5-4CB2-A6C6-305268095197}"
EndProject
Project("{FAE04EC0-301F-11D3-BF4B-00C04F79EFBC}") = "SQL.Class.Core", "SQL.Class.Core\SQL.Class.Core.csproj", "{B6B6B69B-035B-44D8-8FAC-21E2587C882A}"
EndProject
Global
	GlobalSection(SolutionConfigurationPlatforms) = preSolution
		Debug|Any CPU = Debug|Any CPU
		Release|Any CPU = Release|Any CPU
	EndGlobalSection
	GlobalSection(ProjectConfigurationPlatforms) = postSolution
		{2D73C51B-FA04-4C63-A091-A8DDC0CAEFBA}.Debug|Any CPU.ActiveCfg = Debug|Any CPU
		{2D73C51B-FA04-4C63-A091-A8DDC0CAEFBA}.Debug|Any CPU.Build.0 = Debug|Any CPU
		{2D73C51B-FA04-4C63-A091-A8DDC0CAEFBA}.Release|Any CPU.ActiveCfg = Release|Any CPU
		{2D73C51B-FA04-4C63-A091-A8DDC0CAEFBA}.Release|Any CPU.Build.0 = Release|Any CPU
		{50AFA1D2-45EA-4ABF-B3DC-DAEA90A2B703}.Debug|Any CPU.ActiveCfg = Debug|Any CPU
		{50AFA1D2-45EA-4ABF-B3DC-DAEA90A2B703}.Debug|Any CPU.Build.0 = Debug|Any CPU
		{50AFA1D2-45EA-4ABF-B3DC-DAEA90A2B703}.Release|Any CPU.ActiveCfg = Release|Any CPU
		{50AFA1D2-45EA-4ABF-B3DC-DAEA90A2B703}.Release|Any CPU.Build.0 = Release|Any CPU
		{022C444F-1459-4027-B8C1-D7D5A4499224}.Debug|Any CPU.ActiveCfg = Debug|Any CPU
		{022C444F-1459-4027-B8C1-D7D5A4499224}.Debug|Any CPU.Build.0 = Debug|Any CPU
		{022C444F-1459-4027-B8C1-D7D5A4499224}.Release|Any CPU.ActiveCfg = Release|Any CPU
		{022C444F-1459-4027-B8C1-D7D5A4499224}.Release|Any CPU.Build.0 = Release|Any CPU
		{F788B533-076D-43C2-8541-1E9EC4B8F2DB}.Debug|Any CPU.ActiveCfg = Debug|Any CPU
		{F788B533-076D-43C2-8541-1E9EC4B8F2DB}.Debug|Any CPU.Build.0 = Debug|Any CPU
		{F788B533-076D-43C2-8541-1E9EC4B8F2DB}.Release|Any CPU.ActiveCfg = Release|Any CPU
		{F788B533-076D-43C2-8541-1E9EC4B8F2DB}.Release|Any CPU.Build.0 = Release|Any CPU
		{AE6CB973-8B3A-4176-A460-14AD4E925061}.Debug|Any CPU.ActiveCfg = Debug|Any CPU
		{AE6CB973-8B3A-4176-A460-14AD4E925061}.Debug|Any CPU.Build.0 = Debug|Any CPU
		{AE6CB973-8B3A-4176-A460-14AD4E925061}.Release|Any CPU.ActiveCfg = Release|Any CPU
		{AE6CB973-8B3A-4176-A460-14AD4E925061}.Release|Any CPU.Build.0 = Release|Any CPU
		{AA495885-E6EB-4EA9-864D-23F8935BA8A8}.Debug|Any CPU.ActiveCfg = Debug|Any CPU
		{AA495885-E6EB-4EA9-864D-23F8935BA8A8}.Debug|Any CPU.Build.0 = Debug|Any CPU
		{AA495885-E6EB-4EA9-864D-23F8935BA8A8}.Release|Any CPU.ActiveCfg = Release|Any CPU
		{AA495885-E6EB-4EA9-864D-23F8935BA8A8}.Release|Any CPU.Build.0 = Release|Any CPU
		{B6EDB095-4D70-41F0-A7D5-FA4F4299B905}.Debug|Any CPU.ActiveCfg = Debug|Any CPU
		{B6EDB095-4D70-41F0-A7D5-FA4F4299B905}.Debug|Any CPU.Build.0 = Debug|Any CPU
		{B6EDB095-4D70-41F0-A7D5-FA4F4299B905}.Release|Any CPU.ActiveCfg = Release|Any CPU
		{B6EDB095-4D70-41F0-A7D5-FA4F4299B905}.Release|Any CPU.Build.0 = Release|Any CPU
		{E578527D-36A5-4CB2-A6C6-305268095197}.Debug|Any CPU.ActiveCfg = Debug|Any CPU
		{E578527D-36A5-4CB2-A6C6-305268095197}.Debug|Any CPU.Build.0 = Debug|Any CPU
		{E578527D-36A5-4CB2-A6C6-305268095197}.Debug|Any CPU.Deploy.0 = Debug|Any CPU
		{E578527D-36A5-4CB2-A6C6-305268095197}.Release|Any CPU.ActiveCfg = Release|Any CPU
		{E578527D-36A5-4CB2-A6C6-305268095197}.Release|Any CPU.Build.0 = Release|Any CPU
		{E578527D-36A5-4CB2-A6C6-305268095197}.Release|Any CPU.Deploy.0 = Release|Any CPU
		{B6B6B69B-035B-44D8-8FAC-21E2587C882A}.Debug|Any CPU.ActiveCfg = Debug|Any CPU
		{B6B6B69B-035B-44D8-8FAC-21E2587C882A}.Debug|Any CPU.Build.0 = Debug|Any CPU
		{B6B6B69B-035B-44D8-8FAC-21E2587C882A}.Release|Any CPU.ActiveCfg = Release|Any CPU
		{B6B6B69B-035B-44D8-8FAC-21E2587C882A}.Release|Any CPU.Build.0 = Release|Any CPU
	EndGlobalSection
	GlobalSection(SolutionProperties) = preSolution
		HideSolutionNode = FALSE
	EndGlobalSection
	GlobalSection(NestedProjects) = preSolution
		{2D73C51B-FA04-4C63-A091-A8DDC0CAEFBA} = {7F8C2699-277D-40A8-83E3-AB461E0C6E79}
		{50AFA1D2-45EA-4ABF-B3DC-DAEA90A2B703} = {18D6E36E-7916-4AD0-8CF4-FB50CBDC015C}
		{022C444F-1459-4027-B8C1-D7D5A4499224} = {C578FA92-D1D2-48F0-A1C1-AB7B28AB0D32}
		{F788B533-076D-43C2-8541-1E9EC4B8F2DB} = {6CF6CF90-9A68-49DB-BF2B-A248161EF8C2}
		{AE6CB973-8B3A-4176-A460-14AD4E925061} = {BAE10023-1B5B-45C8-A978-12D9A14A6E31}
		{AA495885-E6EB-4EA9-864D-23F8935BA8A8} = {38D825BD-EBC5-4A83-A692-17CA56BD134F}
		{B6EDB095-4D70-41F0-A7D5-FA4F4299B905} = {38D825BD-EBC5-4A83-A692-17CA56BD134F}
		{E578527D-36A5-4CB2-A6C6-305268095197} = {43CE1982-A43A-4C3D-A099-ACF4B9ECE968}
		{B6B6B69B-035B-44D8-8FAC-21E2587C882A} = {43CE1982-A43A-4C3D-A099-ACF4B9ECE968}
	EndGlobalSection
EndGlobal
